
Microsoft Visual Studio Solution File, Format Version 12.00
# Visual Studio 2012
Project("{FAE04EC0-301F-11D3-BF4B-00C04F79EFBC}") = "NeaProgramServer", "NeaProgramServer\NeaProgramServer.csproj", "{2E462CD0-C43D-4194-9DC9-8C5A707BF05A}"
EndProject
Project("{FAE04EC0-301F-11D3-BF4B-00C04F79EFBC}") = "NeaProgramStarter", "NeaProgramStarter\NeaProgramStarter.csproj", "{BA7C96B2-A53E-48DE-8E31-A99793961433}"
EndProject
Project("{FAE04EC0-301F-11D3-BF4B-00C04F79EFBC}") = "GenericProgramInterface", "GenericProgramInterface\GenericProgramInterface.csproj", "{EC293EB7-0CCA-4F00-BE0E-6D7425B14BE5}"
EndProject
Project("{FAE04EC0-301F-11D3-BF4B-00C04F79EFBC}") = "WorkTimer", "WorkTimer\WorkTimer.csproj", "{E5D7F3A4-E424-405E-AE5A-FF86F0E4A3DF}"
EndProject
Project("{FAE04EC0-301F-11D3-BF4B-00C04F79EFBC}") = "ConcurrentProgramInterface", "ConcurrentProgramInterface\ConcurrentProgramInterface.csproj", "{BA7B96E5-F38F-4111-BD76-0E3F5FCDC411}"
EndProject
Project("{FAE04EC0-301F-11D3-BF4B-00C04F79EFBC}") = "PeopleSimulation", "PeopleSimulation\PeopleSimulation.csproj", "{BFC32780-7191-405C-8BE4-586DE74C296B}"
EndProject
Project("{FAE04EC0-301F-11D3-BF4B-00C04F79EFBC}") = "Language", "Language\Language\Language.csproj", "{FADEFCA9-5055-44F3-BE2A-F87C8DD5DC1A}"
EndProject
Project("{FAE04EC0-301F-11D3-BF4B-00C04F79EFBC}") = "NeaKit", "NeaKitSharp\NeaKit\NeaKit.csproj", "{A5EE407A-64BC-40B2-932D-C1CB11A8E21B}"
EndProject
Global
	GlobalSection(SolutionConfigurationPlatforms) = preSolution
		Debug|Any CPU = Debug|Any CPU
		Release|Any CPU = Release|Any CPU
	EndGlobalSection
	GlobalSection(ProjectConfigurationPlatforms) = postSolution
		{2E462CD0-C43D-4194-9DC9-8C5A707BF05A}.Debug|Any CPU.ActiveCfg = Debug|Any CPU
		{2E462CD0-C43D-4194-9DC9-8C5A707BF05A}.Debug|Any CPU.Build.0 = Debug|Any CPU
		{2E462CD0-C43D-4194-9DC9-8C5A707BF05A}.Release|Any CPU.ActiveCfg = Release|Any CPU
		{2E462CD0-C43D-4194-9DC9-8C5A707BF05A}.Release|Any CPU.Build.0 = Release|Any CPU
		{BA7C96B2-A53E-48DE-8E31-A99793961433}.Debug|Any CPU.ActiveCfg = Debug|Any CPU
		{BA7C96B2-A53E-48DE-8E31-A99793961433}.Debug|Any CPU.Build.0 = Debug|Any CPU
		{BA7C96B2-A53E-48DE-8E31-A99793961433}.Release|Any CPU.ActiveCfg = Release|Any CPU
		{BA7C96B2-A53E-48DE-8E31-A99793961433}.Release|Any CPU.Build.0 = Release|Any CPU
		{EC293EB7-0CCA-4F00-BE0E-6D7425B14BE5}.Debug|Any CPU.ActiveCfg = Debug|Any CPU
		{EC293EB7-0CCA-4F00-BE0E-6D7425B14BE5}.Debug|Any CPU.Build.0 = Debug|Any CPU
		{EC293EB7-0CCA-4F00-BE0E-6D7425B14BE5}.Release|Any CPU.ActiveCfg = Release|Any CPU
		{EC293EB7-0CCA-4F00-BE0E-6D7425B14BE5}.Release|Any CPU.Build.0 = Release|Any CPU
		{E5D7F3A4-E424-405E-AE5A-FF86F0E4A3DF}.Debug|Any CPU.ActiveCfg = Debug|Any CPU
		{E5D7F3A4-E424-405E-AE5A-FF86F0E4A3DF}.Debug|Any CPU.Build.0 = Debug|Any CPU
		{E5D7F3A4-E424-405E-AE5A-FF86F0E4A3DF}.Release|Any CPU.ActiveCfg = Release|Any CPU
		{E5D7F3A4-E424-405E-AE5A-FF86F0E4A3DF}.Release|Any CPU.Build.0 = Release|Any CPU
		{BA7B96E5-F38F-4111-BD76-0E3F5FCDC411}.Debug|Any CPU.ActiveCfg = Debug|Any CPU
		{BA7B96E5-F38F-4111-BD76-0E3F5FCDC411}.Debug|Any CPU.Build.0 = Debug|Any CPU
		{BA7B96E5-F38F-4111-BD76-0E3F5FCDC411}.Release|Any CPU.ActiveCfg = Release|Any CPU
		{BA7B96E5-F38F-4111-BD76-0E3F5FCDC411}.Release|Any CPU.Build.0 = Release|Any CPU
		{BFC32780-7191-405C-8BE4-586DE74C296B}.Debug|Any CPU.ActiveCfg = Debug|Any CPU
		{BFC32780-7191-405C-8BE4-586DE74C296B}.Debug|Any CPU.Build.0 = Debug|Any CPU
		{BFC32780-7191-405C-8BE4-586DE74C296B}.Release|Any CPU.ActiveCfg = Release|Any CPU
		{BFC32780-7191-405C-8BE4-586DE74C296B}.Release|Any CPU.Build.0 = Release|Any CPU
		{FADEFCA9-5055-44F3-BE2A-F87C8DD5DC1A}.Debug|Any CPU.ActiveCfg = Debug|Any CPU
		{FADEFCA9-5055-44F3-BE2A-F87C8DD5DC1A}.Debug|Any CPU.Build.0 = Debug|Any CPU
		{FADEFCA9-5055-44F3-BE2A-F87C8DD5DC1A}.Release|Any CPU.ActiveCfg = Release|Any CPU
		{FADEFCA9-5055-44F3-BE2A-F87C8DD5DC1A}.Release|Any CPU.Build.0 = Release|Any CPU
		{A5EE407A-64BC-40B2-932D-C1CB11A8E21B}.Debug|Any CPU.ActiveCfg = Debug|Any CPU
		{A5EE407A-64BC-40B2-932D-C1CB11A8E21B}.Debug|Any CPU.Build.0 = Debug|Any CPU
		{A5EE407A-64BC-40B2-932D-C1CB11A8E21B}.Release|Any CPU.ActiveCfg = Release|Any CPU
		{A5EE407A-64BC-40B2-932D-C1CB11A8E21B}.Release|Any CPU.Build.0 = Release|Any CPU
	EndGlobalSection
	GlobalSection(SolutionProperties) = preSolution
		HideSolutionNode = FALSE
	EndGlobalSection
EndGlobal
